{
  "name": "netlify-local-plugins",
  "version": "1.0.0",
  "lockfileVersion": 3,
  "requires": true,
  "packages": {
    "": {
      "name": "netlify-local-plugins",
      "version": "1.0.0",
      "license": "MIT",
      "dependencies": {
        "netlify-plugin-bundle-env": "0.2.2"
      }
    },
    "node_modules/netlify-plugin-bundle-env": {
      "version": "0.2.2",
      "resolved": "https://registry.npmjs.org/netlify-plugin-bundle-env/-/netlify-plugin-bundle-env-0.2.2.tgz",
      "integrity": "sha512-LVKy9W5GKDechnlHGaL5nszwOCR+jHLcChxL20QFcyE1QP9Ha1a0LZi/iIrO4ENidHIzf7ZvjY6ZbIiduKCgTw==",
      "license": "MIT",
      "engines": {
        "node": ">=16"
      }
    }
  }
}
